
Microsoft Visual Studio Solution File, Format Version 12.00
# Visual Studio Version 17
VisualStudioVersion = 17.0.31903.59
MinimumVisualStudioVersion = 10.0.40219.1
Project("{FAE04EC0-301F-11D3-BF4B-00C04F79EFBC}") = "Chronos", "Chronos\Chronos.csproj", "{B5BB472C-919C-4BDA-BC30-D296103BFB3E}"
EndProject
Project("{FAE04EC0-301F-11D3-BF4B-00C04F79EFBC}") = "RandomTest", "RandomTest\RandomTest.csproj", "{04115888-801F-4B42-9E13-DCEBDD4B1E76}"
EndProject
Project("{FAE04EC0-301F-11D3-BF4B-00C04F79EFBC}") = "RanDice", "RanDice\RanDice.csproj", "{2B2D65D8-2B73-4557-BE38-08730699ADC5}"
EndProject
Project("{FAE04EC0-301F-11D3-BF4B-00C04F79EFBC}") = "MyGame", "MyGame\MyGame.csproj", "{9A040C1B-8467-4B1D-95A1-2E9CBF06F0BA}"
EndProject
Global
	GlobalSection(SolutionConfigurationPlatforms) = preSolution
		Debug|Any CPU = Debug|Any CPU
		Release|Any CPU = Release|Any CPU
	EndGlobalSection
	GlobalSection(SolutionProperties) = preSolution
		HideSolutionNode = FALSE
	EndGlobalSection
	GlobalSection(ProjectConfigurationPlatforms) = postSolution
		{B5BB472C-919C-4BDA-BC30-D296103BFB3E}.Debug|Any CPU.ActiveCfg = Debug|Any CPU
		{B5BB472C-919C-4BDA-BC30-D296103BFB3E}.Debug|Any CPU.Build.0 = Debug|Any CPU
		{B5BB472C-919C-4BDA-BC30-D296103BFB3E}.Release|Any CPU.ActiveCfg = Release|Any CPU
		{B5BB472C-919C-4BDA-BC30-D296103BFB3E}.Release|Any CPU.Build.0 = Release|Any CPU
		{04115888-801F-4B42-9E13-DCEBDD4B1E76}.Debug|Any CPU.ActiveCfg = Debug|Any CPU
		{04115888-801F-4B42-9E13-DCEBDD4B1E76}.Debug|Any CPU.Build.0 = Debug|Any CPU
		{04115888-801F-4B42-9E13-DCEBDD4B1E76}.Release|Any CPU.ActiveCfg = Release|Any CPU
		{04115888-801F-4B42-9E13-DCEBDD4B1E76}.Release|Any CPU.Build.0 = Release|Any CPU
		{2B2D65D8-2B73-4557-BE38-08730699ADC5}.Debug|Any CPU.ActiveCfg = Debug|Any CPU
		{2B2D65D8-2B73-4557-BE38-08730699ADC5}.Debug|Any CPU.Build.0 = Debug|Any CPU
		{2B2D65D8-2B73-4557-BE38-08730699ADC5}.Release|Any CPU.ActiveCfg = Release|Any CPU
		{2B2D65D8-2B73-4557-BE38-08730699ADC5}.Release|Any CPU.Build.0 = Release|Any CPU
		{9A040C1B-8467-4B1D-95A1-2E9CBF06F0BA}.Debug|Any CPU.ActiveCfg = Debug|Any CPU
		{9A040C1B-8467-4B1D-95A1-2E9CBF06F0BA}.Debug|Any CPU.Build.0 = Debug|Any CPU
		{9A040C1B-8467-4B1D-95A1-2E9CBF06F0BA}.Release|Any CPU.ActiveCfg = Release|Any CPU
		{9A040C1B-8467-4B1D-95A1-2E9CBF06F0BA}.Release|Any CPU.Build.0 = Release|Any CPU
	EndGlobalSection
EndGlobal
